// !$*UTF8*$!
{
	archiveVersion = 1;
	classes = {
	};
	objectVersion = 50;
	objects = {

/* Begin PBXBuildFile section */
		24888AFA23264DCC0051FFD8 /* GlobalUtility.swift in Sources */ = {isa = PBXBuildFile; fileRef = 24888AF923264DCC0051FFD8 /* GlobalUtility.swift */; };
		24888AFC232660810051FFD8 /* HourlyForecast.swift in Sources */ = {isa = PBXBuildFile; fileRef = 24888AFB232660810051FFD8 /* HourlyForecast.swift */; };
		24888AFE232675BF0051FFD8 /* DailyForecast.swift in Sources */ = {isa = PBXBuildFile; fileRef = 24888AFD232675BF0051FFD8 /* DailyForecast.swift */; };
		248FDC0823263BD700CFF3D6 /* CurrentWeatherState.swift in Sources */ = {isa = PBXBuildFile; fileRef = 248FDC0723263BD700CFF3D6 /* CurrentWeatherState.swift */; };
		248FDC0A23263CB600CFF3D6 /* Alamofire.framework in Frameworks */ = {isa = PBXBuildFile; fileRef = 248FDC0923263CB600CFF3D6 /* Alamofire.framework */; };
		248FDC0C23263CBC00CFF3D6 /* SwiftyJSON.framework in Frameworks */ = {isa = PBXBuildFile; fileRef = 248FDC0B23263CBC00CFF3D6 /* SwiftyJSON.framework */; };
		24918C72232625E800AF355C /* AppDelegate.swift in Sources */ = {isa = PBXBuildFile; fileRef = 24918C71232625E800AF355C /* AppDelegate.swift */; };
		24918C74232625E800AF355C /* ViewController.swift in Sources */ = {isa = PBXBuildFile; fileRef = 24918C73232625E800AF355C /* ViewController.swift */; };
		24918C77232625E800AF355C /* Main.storyboard in Resources */ = {isa = PBXBuildFile; fileRef = 24918C75232625E800AF355C /* Main.storyboard */; };
		24918C79232625EC00AF355C /* Assets.xcassets in Resources */ = {isa = PBXBuildFile; fileRef = 24918C78232625EC00AF355C /* Assets.xcassets */; };
		24918C7C232625EC00AF355C /* LaunchScreen.storyboard in Resources */ = {isa = PBXBuildFile; fileRef = 24918C7A232625EC00AF355C /* LaunchScreen.storyboard */; };
		C5851B74B2E17C288274F438 /* Pods_Weather_App.framework in Frameworks */ = {isa = PBXBuildFile; fileRef = C5026D2C110591A2070F1ED3 /* Pods_Weather_App.framework */; };
/* End PBXBuildFile section */

/* Begin PBXFileReference section */
		24245157B8524C186742D785 /* Pods-Weather App.debug.xcconfig */ = {isa = PBXFileReference; includeInIndex = 1; lastKnownFileType = text.xcconfig; name = "Pods-Weather App.debug.xcconfig"; path = "Target Support Files/Pods-Weather App/Pods-Weather App.debug.xcconfig"; sourceTree = "<group>"; };
		24888AF923264DCC0051FFD8 /* GlobalUtility.swift */ = {isa = PBXFileReference; lastKnownFileType = sourcecode.swift; path = GlobalUtility.swift; sourceTree = "<group>"; };
		24888AFB232660810051FFD8 /* HourlyForecast.swift */ = {isa = PBXFileReference; lastKnownFileType = sourcecode.swift; path = HourlyForecast.swift; sourceTree = "<group>"; };
		24888AFD232675BF0051FFD8 /* DailyForecast.swift */ = {isa = PBXFileReference; lastKnownFileType = sourcecode.swift; path = DailyForecast.swift; sourceTree = "<group>"; };
		248FDC0723263BD700CFF3D6 /* CurrentWeatherState.swift */ = {isa = PBXFileReference; lastKnownFileType = sourcecode.swift; path = CurrentWeatherState.swift; sourceTree = "<group>"; };
		248FDC0923263CB600CFF3D6 /* Alamofire.framework */ = {isa = PBXFileReference; explicitFileType = wrapper.framework; path = Alamofire.framework; sourceTree = BUILT_PRODUCTS_DIR; };
		248FDC0B23263CBC00CFF3D6 /* SwiftyJSON.framework */ = {isa = PBXFileReference; explicitFileType = wrapper.framework; path = SwiftyJSON.framework; sourceTree = BUILT_PRODUCTS_DIR; };
		24918C6E232625E800AF355C /* Weather App.app */ = {isa = PBXFileReference; explicitFileType = wrapper.application; includeInIndex = 0; path = "Weather App.app"; sourceTree = BUILT_PRODUCTS_DIR; };
		24918C71232625E800AF355C /* AppDelegate.swift */ = {isa = PBXFileReference; lastKnownFileType = sourcecode.swift; path = AppDelegate.swift; sourceTree = "<group>"; };
		24918C73232625E800AF355C /* ViewController.swift */ = {isa = PBXFileReference; lastKnownFileType = sourcecode.swift; path = ViewController.swift; sourceTree = "<group>"; };
		24918C76232625E800AF355C /* Base */ = {isa = PBXFileReference; lastKnownFileType = file.storyboard; name = Base; path = Base.lproj/Main.storyboard; sourceTree = "<group>"; };
		24918C78232625EC00AF355C /* Assets.xcassets */ = {isa = PBXFileReference; lastKnownFileType = folder.assetcatalog; path = Assets.xcassets; sourceTree = "<group>"; };
		24918C7B232625EC00AF355C /* Base */ = {isa = PBXFileReference; lastKnownFileType = file.storyboard; name = Base; path = Base.lproj/LaunchScreen.storyboard; sourceTree = "<group>"; };
		24918C7D232625EC00AF355C /* Info.plist */ = {isa = PBXFileReference; lastKnownFileType = text.plist.xml; path = Info.plist; sourceTree = "<group>"; };
		C5026D2C110591A2070F1ED3 /* Pods_Weather_App.framework */ = {isa = PBXFileReference; explicitFileType = wrapper.framework; includeInIndex = 0; path = Pods_Weather_App.framework; sourceTree = BUILT_PRODUCTS_DIR; };
		F9A0AE6DB9839A80735A0531 /* Pods-Weather App.release.xcconfig */ = {isa = PBXFileReference; includeInIndex = 1; lastKnownFileType = text.xcconfig; name = "Pods-Weather App.release.xcconfig"; path = "Target Support Files/Pods-Weather App/Pods-Weather App.release.xcconfig"; sourceTree = "<group>"; };
/* End PBXFileReference section */

/* Begin PBXFrameworksBuildPhase section */
		24918C6B232625E800AF355C /* Frameworks */ = {
			isa = PBXFrameworksBuildPhase;
			buildActionMask = 2147483647;
			files = (
				248FDC0C23263CBC00CFF3D6 /* SwiftyJSON.framework in Frameworks */,
				248FDC0A23263CB600CFF3D6 /* Alamofire.framework in Frameworks */,
				C5851B74B2E17C288274F438 /* Pods_Weather_App.framework in Frameworks */,
			);
			runOnlyForDeploymentPostprocessing = 0;
		};
/* End PBXFrameworksBuildPhase section */

/* Begin PBXGroup section */
		24888AF823264DB40051FFD8 /* utility */ = {
			isa = PBXGroup;
			children = (
				24888AF923264DCC0051FFD8 /* GlobalUtility.swift */,
			);
			path = utility;
			sourceTree = "<group>";
		};
		248FDC0623263BBB00CFF3D6 /* models */ = {
			isa = PBXGroup;
			children = (
				248FDC0723263BD700CFF3D6 /* CurrentWeatherState.swift */,
				24888AFB232660810051FFD8 /* HourlyForecast.swift */,
				24888AFD232675BF0051FFD8 /* DailyForecast.swift */,
			);
			path = models;
			sourceTree = "<group>";
		};
		24918C65232625E800AF355C = {
			isa = PBXGroup;
			children = (
				24918C70232625E800AF355C /* Weather App */,
				24918C6F232625E800AF355C /* Products */,
				C826A8565F623FD1782ED477 /* Pods */,
				54CBA849DB24F9B34A6919A1 /* Frameworks */,
			);
			sourceTree = "<group>";
		};
		24918C6F232625E800AF355C /* Products */ = {
			isa = PBXGroup;
			children = (
				24918C6E232625E800AF355C /* Weather App.app */,
			);
			name = Products;
			sourceTree = "<group>";
		};
		24918C70232625E800AF355C /* Weather App */ = {
			isa = PBXGroup;
			children = (
				24888AF823264DB40051FFD8 /* utility */,
				248FDC0623263BBB00CFF3D6 /* models */,
				24918C71232625E800AF355C /* AppDelegate.swift */,
				24918C73232625E800AF355C /* ViewController.swift */,
				24918C75232625E800AF355C /* Main.storyboard */,
				24918C78232625EC00AF355C /* Assets.xcassets */,
				24918C7A232625EC00AF355C /* LaunchScreen.storyboard */,
				24918C7D232625EC00AF355C /* Info.plist */,
			);
			path = "Weather App";
			sourceTree = "<group>";
		};
		54CBA849DB24F9B34A6919A1 /* Frameworks */ = {
			isa = PBXGroup;
			children = (
				248FDC0B23263CBC00CFF3D6 /* SwiftyJSON.framework */,
				248FDC0923263CB600CFF3D6 /* Alamofire.framework */,
				C5026D2C110591A2070F1ED3 /* Pods_Weather_App.framework */,
			);
			name = Frameworks;
			sourceTree = "<group>";
		};
		C826A8565F623FD1782ED477 /* Pods */ = {
			isa = PBXGroup;
			children = (
				24245157B8524C186742D785 /* Pods-Weather App.debug.xcconfig */,
				F9A0AE6DB9839A80735A0531 /* Pods-Weather App.release.xcconfig */,
			);
			path = Pods;
			sourceTree = "<group>";
		};
/* End PBXGroup section */

/* Begin PBXNativeTarget section */
		24918C6D232625E800AF355C /* Weather App */ = {
			isa = PBXNativeTarget;
			buildConfigurationList = 24918C80232625EC00AF355C /* Build configuration list for PBXNativeTarget "Weather App" */;
			buildPhases = (
				88206695B0F7E64B0E92905C /* [CP] Check Pods Manifest.lock */,
				24918C6A232625E800AF355C /* Sources */,
				24918C6B232625E800AF355C /* Frameworks */,
				24918C6C232625E800AF355C /* Resources */,
				BC44539825A678422C09845A /* [CP] Embed Pods Frameworks */,
			);
			buildRules = (
			);
			dependencies = (
			);
			name = "Weather App";
			productName = "Weather App";
			productReference = 24918C6E232625E800AF355C /* Weather App.app */;
			productType = "com.apple.product-type.application";
		};
/* End PBXNativeTarget section */

/* Begin PBXProject section */
		24918C66232625E800AF355C /* Project object */ = {
			isa = PBXProject;
			attributes = {
				LastSwiftUpdateCheck = 1010;
				LastUpgradeCheck = 1010;
				ORGANIZATIONNAME = Borna;
				TargetAttributes = {
					24918C6D232625E800AF355C = {
						CreatedOnToolsVersion = 10.1;
					};
				};
			};
			buildConfigurationList = 24918C69232625E800AF355C /* Build configuration list for PBXProject "Weather App" */;
			compatibilityVersion = "Xcode 9.3";
			developmentRegion = en;
			hasScannedForEncodings = 0;
			knownRegions = (
				en,
				Base,
			);
			mainGroup = 24918C65232625E800AF355C;
			productRefGroup = 24918C6F232625E800AF355C /* Products */;
			projectDirPath = "";
			projectRoot = "";
			targets = (
				24918C6D232625E800AF355C /* Weather App */,
			);
		};
/* End PBXProject section */

/* Begin PBXResourcesBuildPhase section */
		24918C6C232625E800AF355C /* Resources */ = {
			isa = PBXResourcesBuildPhase;
			buildActionMask = 2147483647;
			files = (
				24918C7C232625EC00AF355C /* LaunchScreen.storyboard in Resources */,
				24918C79232625EC00AF355C /* Assets.xcassets in Resources */,
				24918C77232625E800AF355C /* Main.storyboard in Resources */,
			);
			runOnlyForDeploymentPostprocessing = 0;
		};
/* End PBXResourcesBuildPhase section */

/* Begin PBXShellScriptBuildPhase section */
		88206695B0F7E64B0E92905C /* [CP] Check Pods Manifest.lock */ = {
			isa = PBXShellScriptBuildPhase;
			buildActionMask = 2147483647;
			files = (
			);
			inputFileListPaths = (
			);
			inputPaths = (
				"${PODS_PODFILE_DIR_PATH}/Podfile.lock",
				"${PODS_ROOT}/Manifest.lock",
			);
			name = "[CP] Check Pods Manifest.lock";
			outputFileListPaths = (
			);
			outputPaths = (
				"$(DERIVED_FILE_DIR)/Pods-Weather App-checkManifestLockResult.txt",
			);
			runOnlyForDeploymentPostprocessing = 0;
			shellPath = /bin/sh;
			shellScript = "diff \"${PODS_PODFILE_DIR_PATH}/Podfile.lock\" \"${PODS_ROOT}/Manifest.lock\" > /dev/null\nif [ $? != 0 ] ; then\n    # print error to STDERR\n    echo \"error: The sandbox is not in sync with the Podfile.lock. Run 'pod install' or update your CocoaPods installation.\" >&2\n    exit 1\nfi\n# This output is used by Xcode 'outputs' to avoid re-running this script phase.\necho \"SUCCESS\" > \"${SCRIPT_OUTPUT_FILE_0}\"\n";
			showEnvVarsInLog = 0;
		};
		BC44539825A678422C09845A /* [CP] Embed Pods Frameworks */ = {
			isa = PBXShellScriptBuildPhase;
			buildActionMask = 2147483647;
			files = (
			);
			inputFileListPaths = (
			);
			inputPaths = (
				"${PODS_ROOT}/Target Support Files/Pods-Weather App/Pods-Weather App-frameworks.sh",
				"${BUILT_PRODUCTS_DIR}/Alamofire/Alamofire.framework",
				"${BUILT_PRODUCTS_DIR}/SwiftyJSON/SwiftyJSON.framework",
			);
			name = "[CP] Embed Pods Frameworks";
			outputFileListPaths = (
			);
			outputPaths = (
				"${TARGET_BUILD_DIR}/${FRAMEWORKS_FOLDER_PATH}/Alamofire.framework",
				"${TARGET_BUILD_DIR}/${FRAMEWORKS_FOLDER_PATH}/SwiftyJSON.framework",
			);
			runOnlyForDeploymentPostprocessing = 0;
			shellPath = /bin/sh;
			shellScript = "\"${PODS_ROOT}/Target Support Files/Pods-Weather App/Pods-Weather App-frameworks.sh\"\n";
			showEnvVarsInLog = 0;
		};
/* End PBXShellScriptBuildPhase section */

/* Begin PBXSourcesBuildPhase section */
		24918C6A232625E800AF355C /* Sources */ = {
			isa = PBXSourcesBuildPhase;
			buildActionMask = 2147483647;
			files = (
				248FDC0823263BD700CFF3D6 /* CurrentWeatherState.swift in Sources */,
				24918C74232625E800AF355C /* ViewController.swift in Sources */,
				24888AFE232675BF0051FFD8 /* DailyForecast.swift in Sources */,
				24888AFC232660810051FFD8 /* HourlyForecast.swift in Sources */,
				24918C72232625E800AF355C /* AppDelegate.swift in Sources */,
				24888AFA23264DCC0051FFD8 /* GlobalUtility.swift in Sources */,
			);
			runOnlyForDeploymentPostprocessing = 0;
		};
/* End PBXSourcesBuildPhase section */

/* Begin PBXVariantGroup section */
		24918C75232625E800AF355C /* Main.storyboard */ = {
			isa = PBXVariantGroup;
			children = (
				24918C76232625E800AF355C /* Base */,
			);
			name = Main.storyboard;
			sourceTree = "<group>";
		};
		24918C7A232625EC00AF355C /* LaunchScreen.storyboard */ = {
			isa = PBXVariantGroup;
			children = (
				24918C7B232625EC00AF355C /* Base */,
			);
			name = LaunchScreen.storyboard;
			sourceTree = "<group>";
		};
/* End PBXVariantGroup section */

/* Begin XCBuildConfiguration section */
		24918C7E232625EC00AF355C /* Debug */ = {
			isa = XCBuildConfiguration;
			buildSettings = {
				ALWAYS_SEARCH_USER_PATHS = NO;
				CLANG_ANALYZER_NONNULL = YES;
				CLANG_ANALYZER_NUMBER_OBJECT_CONVERSION = YES_AGGRESSIVE;
				CLANG_CXX_LANGUAGE_STANDARD = "gnu++14";
				CLANG_CXX_LIBRARY = "libc++";
				CLANG_ENABLE_MODULES = YES;
				CLANG_ENABLE_OBJC_ARC = YES;
				CLANG_ENABLE_OBJC_WEAK = YES;
				CLANG_WARN_BLOCK_CAPTURE_AUTORELEASING = YES;
				CLANG_WARN_BOOL_CONVERSION = YES;
				CLANG_WARN_COMMA = YES;
				CLANG_WARN_CONSTANT_CONVERSION = YES;
				CLANG_WARN_DEPRECATED_OBJC_IMPLEMENTATIONS = YES;
				CLANG_WARN_DIRECT_OBJC_ISA_USAGE = YES_ERROR;
				CLANG_WARN_DOCUMENTATION_COMMENTS = YES;
				CLANG_WARN_EMPTY_BODY = YES;
				CLANG_WARN_ENUM_CONVERSION = YES;
				CLANG_WARN_INFINITE_RECURSION = YES;
				CLANG_WARN_INT_CONVERSION = YES;
				CLANG_WARN_NON_LITERAL_NULL_CONVERSION = YES;
				CLANG_WARN_OBJC_IMPLICIT_RETAIN_SELF = YES;
				CLANG_WARN_OBJC_LITERAL_CONVERSION = YES;
				CLANG_WARN_OBJC_ROOT_CLASS = YES_ERROR;
				CLANG_WARN_RANGE_LOOP_ANALYSIS = YES;
				CLANG_WARN_STRICT_PROTOTYPES = YES;
				CLANG_WARN_SUSPICIOUS_MOVE = YES;
				CLANG_WARN_UNGUARDED_AVAILABILITY = YES_AGGRESSIVE;
				CLANG_WARN_UNREACHABLE_CODE = YES;
				CLANG_WARN__DUPLICATE_METHOD_MATCH = YES;
				CODE_SIGN_IDENTITY = "iPhone Developer";
				COPY_PHASE_STRIP = NO;
				DEBUG_INFORMATION_FORMAT = dwarf;
				ENABLE_STRICT_OBJC_MSGSEND = YES;
				ENABLE_TESTABILITY = YES;
				GCC_C_LANGUAGE_STANDARD = gnu11;
				GCC_DYNAMIC_NO_PIC = NO;
				GCC_NO_COMMON_BLOCKS = YES;
				GCC_OPTIMIZATION_LEVEL = 0;
				GCC_PREPROCESSOR_DEFINITIONS = (
					"DEBUG=1",
					"$(inherited)",
				);
				GCC_WARN_64_TO_32_BIT_CONVERSION = YES;
				GCC_WARN_ABOUT_RETURN_TYPE = YES_ERROR;
				GCC_WARN_UNDECLARED_SELECTOR = YES;
				GCC_WARN_UNINITIALIZED_AUTOS = YES_AGGRESSIVE;
				GCC_WARN_UNUSED_FUNCTION = YES;
				GCC_WARN_UNUSED_VARIABLE = YES;
				IPHONEOS_DEPLOYMENT_TARGET = 12.1;
				MTL_ENABLE_DEBUG_INFO = INCLUDE_SOURCE;
				MTL_FAST_MATH = YES;
				ONLY_ACTIVE_ARCH = YES;
				SDKROOT = iphoneos;
				SWIFT_ACTIVE_COMPILATION_CONDITIONS = DEBUG;
				SWIFT_OPTIMIZATION_LEVEL = "-Onone";
			};
			name = Debug;
		};
		24918C7F232625EC00AF355C /* Release */ = {
			isa = XCBuildConfiguration;
			buildSettings = {
				ALWAYS_SEARCH_USER_PATHS = NO;
				CLANG_ANALYZER_NONNULL = YES;
				CLANG_ANALYZER_NUMBER_OBJECT_CONVERSION = YES_AGGRESSIVE;
				CLANG_CXX_LANGUAGE_STANDARD = "gnu++14";
				CLANG_CXX_LIBRARY = "libc++";
				CLANG_ENABLE_MODULES = YES;
				CLANG_ENABLE_OBJC_ARC = YES;
				CLANG_ENABLE_OBJC_WEAK = YES;
				CLANG_WARN_BLOCK_CAPTURE_AUTORELEASING = YES;
				CLANG_WARN_BOOL_CONVERSION = YES;
				CLANG_WARN_COMMA = YES;
				CLANG_WARN_CONSTANT_CONVERSION = YES;
				CLANG_WARN_DEPRECATED_OBJC_IMPLEMENTATIONS = YES;
				CLANG_WARN_DIRECT_OBJC_ISA_USAGE = YES_ERROR;
				CLANG_WARN_DOCUMENTATION_COMMENTS = YES;
				CLANG_WARN_EMPTY_BODY = YES;
				CLANG_WARN_ENUM_CONVERSION = YES;
				CLANG_WARN_INFINITE_RECURSION = YES;
				CLANG_WARN_INT_CONVERSION = YES;
				CLANG_WARN_NON_LITERAL_NULL_CONVERSION = YES;
				CLANG_WARN_OBJC_IMPLICIT_RETAIN_SELF = YES;
				CLANG_WARN_OBJC_LITERAL_CONVERSION = YES;
				CLANG_WARN_OBJC_ROOT_CLASS = YES_ERROR;
				CLANG_WARN_RANGE_LOOP_ANALYSIS = YES;
				CLANG_WARN_STRICT_PROTOTYPES = YES;
				CLANG_WARN_SUSPICIOUS_MOVE = YES;
				CLANG_WARN_UNGUARDED_AVAILABILITY = YES_AGGRESSIVE;
				CLANG_WARN_UNREACHABLE_CODE = YES;
				CLANG_WARN__DUPLICATE_METHOD_MATCH = YES;
				CODE_SIGN_IDENTITY = "iPhone Developer";
				COPY_PHASE_STRIP = NO;
				DEBUG_INFORMATION_FORMAT = "dwarf-with-dsym";
				ENABLE_NS_ASSERTIONS = NO;
				ENABLE_STRICT_OBJC_MSGSEND = YES;
				GCC_C_LANGUAGE_STANDARD = gnu11;
				GCC_NO_COMMON_BLOCKS = YES;
				GCC_WARN_64_TO_32_BIT_CONVERSION = YES;
				GCC_WARN_ABOUT_RETURN_TYPE = YES_ERROR;
				GCC_WARN_UNDECLARED_SELECTOR = YES;
				GCC_WARN_UNINITIALIZED_AUTOS = YES_AGGRESSIVE;
				GCC_WARN_UNUSED_FUNCTION = YES;
				GCC_WARN_UNUSED_VARIABLE = YES;
				IPHONEOS_DEPLOYMENT_TARGET = 12.1;
				MTL_ENABLE_DEBUG_INFO = NO;
				MTL_FAST_MATH = YES;
				SDKROOT = iphoneos;
				SWIFT_COMPILATION_MODE = wholemodule;
				SWIFT_OPTIMIZATION_LEVEL = "-O";
				VALIDATE_PRODUCT = YES;
			};
			name = Release;
		};
		24918C81232625EC00AF355C /* Debug */ = {
			isa = XCBuildConfiguration;
			baseConfigurationReference = 24245157B8524C186742D785 /* Pods-Weather App.debug.xcconfig */;
			buildSettings = {
				ASSETCATALOG_COMPILER_APPICON_NAME = AppIcon;
				CODE_SIGN_STYLE = Automatic;
				DEVELOPMENT_TEAM = KY778HWXP2;
				HEADER_SEARCH_PATHS = "$(SRCROOT)/Pods/**";
				INFOPLIST_FILE = "Weather App/Info.plist";
				LD_RUNPATH_SEARCH_PATHS = (
					"$(inherited)",
					"@executable_path/Frameworks",
				);
				PRODUCT_BUNDLE_IDENTIFIER = "org.borna.ios.Weather-App";
				PRODUCT_NAME = "$(TARGET_NAME)";
				SWIFT_VERSION = 4.2;
				TARGETED_DEVICE_FAMILY = "1,2";
			};
			name = Debug;
		};
		24918C82232625EC00AF355C /* Release */ = {
			isa = XCBuildConfiguration;
			baseConfigurationReference = F9A0AE6DB9839A80735A0531 /* Pods-Weather App.release.xcconfig */;
			buildSettings = {
				ASSETCATALOG_COMPILER_APPICON_NAME = AppIcon;
				CODE_SIGN_STYLE = Automatic;
				DEVELOPMENT_TEAM = KY778HWXP2;
				HEADER_SEARCH_PATHS = "$(SRCROOT)/Pods/**";
				INFOPLIST_FILE = "Weather App/Info.plist";
				LD_RUNPATH_SEARCH_PATHS = (
					"$(inherited)",
					"@executable_path/Frameworks",
				);
				PRODUCT_BUNDLE_IDENTIFIER = "org.borna.ios.Weather-App";
				PRODUCT_NAME = "$(TARGET_NAME)";
				SWIFT_VERSION = 4.2;
				TARGETED_DEVICE_FAMILY = "1,2";
			};
			name = Release;
		};
/* End XCBuildConfiguration section */

/* Begin XCConfigurationList section */
		24918C69232625E800AF355C /* Build configuration list for PBXProject "Weather App" */ = {
			isa = XCConfigurationList;
			buildConfigurations = (
				24918C7E232625EC00AF355C /* Debug */,
				24918C7F232625EC00AF355C /* Release */,
			);
			defaultConfigurationIsVisible = 0;
			defaultConfigurationName = Release;
		};
		24918C80232625EC00AF355C /* Build configuration list for PBXNativeTarget "Weather App" */ = {
			isa = XCConfigurationList;
			buildConfigurations = (
				24918C81232625EC00AF355C /* Debug */,
				24918C82232625EC00AF355C /* Release */,
			);
			defaultConfigurationIsVisible = 0;
			defaultConfigurationName = Release;
		};
/* End XCConfigurationList section */
	};
	rootObject = 24918C66232625E800AF355C /* Project object */;
}
